// !$*UTF8*$!
{
	archiveVersion = 1;
	classes = {
	};
	objectVersion = 46;
	objects = {

/* Begin PBXBuildFile section */
		495D06755AB9B437598C9946 /* Pods_Demo1_0.framework in Frameworks */ = {isa = PBXBuildFile; fileRef = E09DBBBFF47FE45E9649D9C8 /* Pods_Demo1_0.framework */; };
		CE15BC0C1D5E835600517135 /* AppDelegate.swift in Sources */ = {isa = PBXBuildFile; fileRef = CE15BC0B1D5E835600517135 /* AppDelegate.swift */; };
		CE15BC0E1D5E835600517135 /* VenueListViewController.swift in Sources */ = {isa = PBXBuildFile; fileRef = CE15BC0D1D5E835600517135 /* VenueListViewController.swift */; };
		CE15BC111D5E835600517135 /* Main.storyboard in Resources */ = {isa = PBXBuildFile; fileRef = CE15BC0F1D5E835600517135 /* Main.storyboard */; };
		CE15BC141D5E835600517135 /* Demo1_0.xcdatamodeld in Sources */ = {isa = PBXBuildFile; fileRef = CE15BC121D5E835600517135 /* Demo1_0.xcdatamodeld */; };
		CE15BC161D5E835600517135 /* Assets.xcassets in Resources */ = {isa = PBXBuildFile; fileRef = CE15BC151D5E835600517135 /* Assets.xcassets */; };
		CE15BC191D5E835600517135 /* LaunchScreen.storyboard in Resources */ = {isa = PBXBuildFile; fileRef = CE15BC171D5E835600517135 /* LaunchScreen.storyboard */; };
		CE15BC241D5E835600517135 /* Demo1_0Tests.swift in Sources */ = {isa = PBXBuildFile; fileRef = CE15BC231D5E835600517135 /* Demo1_0Tests.swift */; };
		CE15BC2F1D5E835600517135 /* Demo1_0UITests.swift in Sources */ = {isa = PBXBuildFile; fileRef = CE15BC2E1D5E835600517135 /* Demo1_0UITests.swift */; };
		CE15BC3F1D5E837600517135 /* SWRevealViewController.m in Sources */ = {isa = PBXBuildFile; fileRef = CE15BC3E1D5E837600517135 /* SWRevealViewController.m */; };
		CE15BC421D5E87B200517135 /* MapViewController.swift in Sources */ = {isa = PBXBuildFile; fileRef = CE15BC411D5E87B200517135 /* MapViewController.swift */; };
		CE15BC441D5E8B2300517135 /* AccountViewController.swift in Sources */ = {isa = PBXBuildFile; fileRef = CE15BC431D5E8B2300517135 /* AccountViewController.swift */; };
		CE15BC461D5E8E0D00517135 /* PurchaseViewController.swift in Sources */ = {isa = PBXBuildFile; fileRef = CE15BC451D5E8E0D00517135 /* PurchaseViewController.swift */; };
		CE15BC481D5E8F6400517135 /* HelpViewController.swift in Sources */ = {isa = PBXBuildFile; fileRef = CE15BC471D5E8F6400517135 /* HelpViewController.swift */; };
		CE15BC4A1D5E921E00517135 /* MapKit.framework in Frameworks */ = {isa = PBXBuildFile; fileRef = CE15BC491D5E921D00517135 /* MapKit.framework */; };
		CE15BC4C1D5E922900517135 /* CoreLocation.framework in Frameworks */ = {isa = PBXBuildFile; fileRef = CE15BC4B1D5E922900517135 /* CoreLocation.framework */; };
		CE26D75C1D943BCA00FBBFB8 /* cancel.png in Resources */ = {isa = PBXBuildFile; fileRef = CE26D7591D943BCA00FBBFB8 /* cancel.png */; };
		CE26D75D1D943BCA00FBBFB8 /* cancel@2x.png in Resources */ = {isa = PBXBuildFile; fileRef = CE26D75A1D943BCA00FBBFB8 /* cancel@2x.png */; };
		CE26D75E1D943BCA00FBBFB8 /* cancel@3x.png in Resources */ = {isa = PBXBuildFile; fileRef = CE26D75B1D943BCA00FBBFB8 /* cancel@3x.png */; };
		CE26D76F1D95941000FBBFB8 /* FBSDKCoreKit.framework in Frameworks */ = {isa = PBXBuildFile; fileRef = CE26D76C1D95941000FBBFB8 /* FBSDKCoreKit.framework */; };
		CE26D7701D95941000FBBFB8 /* FBSDKLoginKit.framework in Frameworks */ = {isa = PBXBuildFile; fileRef = CE26D76D1D95941000FBBFB8 /* FBSDKLoginKit.framework */; };
		CE26D7711D95941000FBBFB8 /* FBSDKShareKit.framework in Frameworks */ = {isa = PBXBuildFile; fileRef = CE26D76E1D95941000FBBFB8 /* FBSDKShareKit.framework */; };
		CE26D7731D9771AE00FBBFB8 /* LoggedInViewController.swift in Sources */ = {isa = PBXBuildFile; fileRef = CE26D7721D9771AE00FBBFB8 /* LoggedInViewController.swift */; };
		CE26D7801D98846C00FBBFB8 /* email@2x.png in Resources */ = {isa = PBXBuildFile; fileRef = CE26D7741D98846C00FBBFB8 /* email@2x.png */; };
		CE26D7811D98846C00FBBFB8 /* name@2x.png in Resources */ = {isa = PBXBuildFile; fileRef = CE26D7751D98846C00FBBFB8 /* name@2x.png */; };
		CE26D7821D98846C00FBBFB8 /* phone@2x.png in Resources */ = {isa = PBXBuildFile; fileRef = CE26D7761D98846C00FBBFB8 /* phone@2x.png */; };
		CE26D7831D98846C00FBBFB8 /* email.png in Resources */ = {isa = PBXBuildFile; fileRef = CE26D7771D98846C00FBBFB8 /* email.png */; };
		CE26D7841D98846C00FBBFB8 /* name.png in Resources */ = {isa = PBXBuildFile; fileRef = CE26D7781D98846C00FBBFB8 /* name.png */; };
		CE26D7851D98846C00FBBFB8 /* phone.png in Resources */ = {isa = PBXBuildFile; fileRef = CE26D7791D98846C00FBBFB8 /* phone.png */; };
		CE26D7871D98846C00FBBFB8 /* phone@3x.png in Resources */ = {isa = PBXBuildFile; fileRef = CE26D77B1D98846C00FBBFB8 /* phone@3x.png */; };
		CE26D7881D98846C00FBBFB8 /* email@3x.png in Resources */ = {isa = PBXBuildFile; fileRef = CE26D77C1D98846C00FBBFB8 /* email@3x.png */; };
		CE26D78B1D98846C00FBBFB8 /* name@3x.png in Resources */ = {isa = PBXBuildFile; fileRef = CE26D77F1D98846C00FBBFB8 /* name@3x.png */; };
		CE2F93F21D899A110023F623 /* GoogleService-Info.plist in Resources */ = {isa = PBXBuildFile; fileRef = CE2F93F11D899A110023F623 /* GoogleService-Info.plist */; };
		CEA9192F1DA1AFB50010DF52 /* CustomCalloutView.xib in Resources */ = {isa = PBXBuildFile; fileRef = CEA9192E1DA1AFB50010DF52 /* CustomCalloutView.xib */; };
		CEA919311DA1AFBC0010DF52 /* CustomCalloutView.swift in Sources */ = {isa = PBXBuildFile; fileRef = CEA919301DA1AFBC0010DF52 /* CustomCalloutView.swift */; };
		CEA919361DA1B83C0010DF52 /* AnnotationView.swift in Sources */ = {isa = PBXBuildFile; fileRef = CEA919351DA1B83C0010DF52 /* AnnotationView.swift */; };
		CEA9193A1DA2D3040010DF52 /* mapBubble.png in Resources */ = {isa = PBXBuildFile; fileRef = CEA919371DA2D3040010DF52 /* mapBubble.png */; };
		CEA9193B1DA2D3040010DF52 /* mapBubble@2x.png in Resources */ = {isa = PBXBuildFile; fileRef = CEA919381DA2D3040010DF52 /* mapBubble@2x.png */; };
		CEA9193C1DA2D3040010DF52 /* mapBubble@3x.png in Resources */ = {isa = PBXBuildFile; fileRef = CEA919391DA2D3040010DF52 /* mapBubble@3x.png */; };
		CEB646971D6C7C7F0024D4A5 /* CustomPointAnnotation.swift in Sources */ = {isa = PBXBuildFile; fileRef = CEB646961D6C7C7F0024D4A5 /* CustomPointAnnotation.swift */; };
		CEE83C2E1D78B8A700A01D37 /* Menufilled.png in Resources */ = {isa = PBXBuildFile; fileRef = CEE83C2B1D78B8A700A01D37 /* Menufilled.png */; };
		CEE83C2F1D78B8A700A01D37 /* Menufilled@2x.png in Resources */ = {isa = PBXBuildFile; fileRef = CEE83C2C1D78B8A700A01D37 /* Menufilled@2x.png */; };
		CEE83C301D78B8A700A01D37 /* Menufilled@3x.png in Resources */ = {isa = PBXBuildFile; fileRef = CEE83C2D1D78B8A700A01D37 /* Menufilled@3x.png */; };
		CEE83C3D1D78CDC900A01D37 /* Beer.png in Resources */ = {isa = PBXBuildFile; fileRef = CEE83C311D78CDC900A01D37 /* Beer.png */; };
		CEE83C3E1D78CDC900A01D37 /* Beer@2x.png in Resources */ = {isa = PBXBuildFile; fileRef = CEE83C321D78CDC900A01D37 /* Beer@2x.png */; };
		CEE83C3F1D78CDC900A01D37 /* Beer@3x.png in Resources */ = {isa = PBXBuildFile; fileRef = CEE83C331D78CDC900A01D37 /* Beer@3x.png */; };
		CEE83C401D78CDC900A01D37 /* Cafe.png in Resources */ = {isa = PBXBuildFile; fileRef = CEE83C341D78CDC900A01D37 /* Cafe.png */; };
		CEE83C411D78CDC900A01D37 /* Cafe@2x.png in Resources */ = {isa = PBXBuildFile; fileRef = CEE83C351D78CDC900A01D37 /* Cafe@2x.png */; };
		CEE83C421D78CDC900A01D37 /* Cafe@3x.png in Resources */ = {isa = PBXBuildFile; fileRef = CEE83C361D78CDC900A01D37 /* Cafe@3x.png */; };
		CEE83C431D78CDC900A01D37 /* Office.png in Resources */ = {isa = PBXBuildFile; fileRef = CEE83C371D78CDC900A01D37 /* Office.png */; };
		CEE83C441D78CDC900A01D37 /* Office@2x.png in Resources */ = {isa = PBXBuildFile; fileRef = CEE83C381D78CDC900A01D37 /* Office@2x.png */; };
		CEE83C451D78CDC900A01D37 /* Office@3x.png in Resources */ = {isa = PBXBuildFile; fileRef = CEE83C391D78CDC900A01D37 /* Office@3x.png */; };
		CEE83C461D78CDC900A01D37 /* Restaurant.png in Resources */ = {isa = PBXBuildFile; fileRef = CEE83C3A1D78CDC900A01D37 /* Restaurant.png */; };
		CEE83C471D78CDC900A01D37 /* Restaurant@2x.png in Resources */ = {isa = PBXBuildFile; fileRef = CEE83C3B1D78CDC900A01D37 /* Restaurant@2x.png */; };
		CEE83C481D78CDC900A01D37 /* Restaurant@3x.png in Resources */ = {isa = PBXBuildFile; fileRef = CEE83C3C1D78CDC900A01D37 /* Restaurant@3x.png */; };
		CEE83C4E1D7915FC00A01D37 /* MQLogo.png in Resources */ = {isa = PBXBuildFile; fileRef = CEE83C4B1D7915FC00A01D37 /* MQLogo.png */; };
		CEE83C4F1D7915FC00A01D37 /* MQLogo@2x.png in Resources */ = {isa = PBXBuildFile; fileRef = CEE83C4C1D7915FC00A01D37 /* MQLogo@2x.png */; };
		CEE83C501D7915FC00A01D37 /* MQLogo@3x.png in Resources */ = {isa = PBXBuildFile; fileRef = CEE83C4D1D7915FC00A01D37 /* MQLogo@3x.png */; };
		CEE83C531D79D32900A01D37 /* CustomVenueCell.swift in Sources */ = {isa = PBXBuildFile; fileRef = CEE83C521D79D32900A01D37 /* CustomVenueCell.swift */; };
		CEE83C601D7B6BA700A01D37 /* GreenCredit.png in Resources */ = {isa = PBXBuildFile; fileRef = CEE83C541D7B6BA700A01D37 /* GreenCredit.png */; };
		CEE83C611D7B6BA700A01D37 /* GreenCredit@2x.png in Resources */ = {isa = PBXBuildFile; fileRef = CEE83C551D7B6BA700A01D37 /* GreenCredit@2x.png */; };
		CEE83C621D7B6BA700A01D37 /* GreenCredit@3x.png in Resources */ = {isa = PBXBuildFile; fileRef = CEE83C561D7B6BA700A01D37 /* GreenCredit@3x.png */; };
		CEE83C631D7B6BA700A01D37 /* GreenHelp.png in Resources */ = {isa = PBXBuildFile; fileRef = CEE83C571D7B6BA700A01D37 /* GreenHelp.png */; };
		CEE83C641D7B6BA700A01D37 /* GreenHelp@2x.png in Resources */ = {isa = PBXBuildFile; fileRef = CEE83C581D7B6BA700A01D37 /* GreenHelp@2x.png */; };
		CEE83C651D7B6BA700A01D37 /* GreenHelp@3x.png in Resources */ = {isa = PBXBuildFile; fileRef = CEE83C591D7B6BA700A01D37 /* GreenHelp@3x.png */; };
		CEE83C661D7B6BA700A01D37 /* GreenMap.png in Resources */ = {isa = PBXBuildFile; fileRef = CEE83C5A1D7B6BA700A01D37 /* GreenMap.png */; };
		CEE83C671D7B6BA700A01D37 /* GreenMap@2x.png in Resources */ = {isa = PBXBuildFile; fileRef = CEE83C5B1D7B6BA700A01D37 /* GreenMap@2x.png */; };
		CEE83C681D7B6BA700A01D37 /* GreenMap@3x.png in Resources */ = {isa = PBXBuildFile; fileRef = CEE83C5C1D7B6BA700A01D37 /* GreenMap@3x.png */; };
		CEE83C691D7B6BA700A01D37 /* GreenName.png in Resources */ = {isa = PBXBuildFile; fileRef = CEE83C5D1D7B6BA700A01D37 /* GreenName.png */; };
		CEE83C6A1D7B6BA700A01D37 /* GreenName@2x.png in Resources */ = {isa = PBXBuildFile; fileRef = CEE83C5E1D7B6BA700A01D37 /* GreenName@2x.png */; };
		CEE83C6B1D7B6BA700A01D37 /* GreenName@3x.png in Resources */ = {isa = PBXBuildFile; fileRef = CEE83C5F1D7B6BA700A01D37 /* GreenName@3x.png */; };
		CEE83C781D7B6BBD00A01D37 /* WhiteCredit.png in Resources */ = {isa = PBXBuildFile; fileRef = CEE83C6C1D7B6BBD00A01D37 /* WhiteCredit.png */; };
		CEE83C791D7B6BBD00A01D37 /* WhiteCredit@2x.png in Resources */ = {isa = PBXBuildFile; fileRef = CEE83C6D1D7B6BBD00A01D37 /* WhiteCredit@2x.png */; };
		CEE83C7A1D7B6BBD00A01D37 /* WhiteCredit@3x.png in Resources */ = {isa = PBXBuildFile; fileRef = CEE83C6E1D7B6BBD00A01D37 /* WhiteCredit@3x.png */; };
		CEE83C7B1D7B6BBD00A01D37 /* WhiteHelp.png in Resources */ = {isa = PBXBuildFile; fileRef = CEE83C6F1D7B6BBD00A01D37 /* WhiteHelp.png */; };
		CEE83C7C1D7B6BBD00A01D37 /* WhiteHelp@2x.png in Resources */ = {isa = PBXBuildFile; fileRef = CEE83C701D7B6BBD00A01D37 /* WhiteHelp@2x.png */; };
		CEE83C7D1D7B6BBD00A01D37 /* WhiteHelp@3x.png in Resources */ = {isa = PBXBuildFile; fileRef = CEE83C711D7B6BBD00A01D37 /* WhiteHelp@3x.png */; };
		CEE83C7E1D7B6BBD00A01D37 /* WhiteMap.png in Resources */ = {isa = PBXBuildFile; fileRef = CEE83C721D7B6BBD00A01D37 /* WhiteMap.png */; };
		CEE83C7F1D7B6BBD00A01D37 /* WhiteMap@2x.png in Resources */ = {isa = PBXBuildFile; fileRef = CEE83C731D7B6BBD00A01D37 /* WhiteMap@2x.png */; };
		CEE83C801D7B6BBD00A01D37 /* WhiteMap@3x.png in Resources */ = {isa = PBXBuildFile; fileRef = CEE83C741D7B6BBD00A01D37 /* WhiteMap@3x.png */; };
		CEE83C811D7B6BBD00A01D37 /* WhiteName.png in Resources */ = {isa = PBXBuildFile; fileRef = CEE83C751D7B6BBD00A01D37 /* WhiteName.png */; };
		CEE83C821D7B6BBD00A01D37 /* WhiteName@2x.png in Resources */ = {isa = PBXBuildFile; fileRef = CEE83C761D7B6BBD00A01D37 /* WhiteName@2x.png */; };
		CEE83C831D7B6BBD00A01D37 /* WhiteName@3x.png in Resources */ = {isa = PBXBuildFile; fileRef = CEE83C771D7B6BBD00A01D37 /* WhiteName@3x.png */; };
		CEE83C8E1D831D6600A01D37 /* JoltMap.png in Resources */ = {isa = PBXBuildFile; fileRef = CEE83C881D831D6600A01D37 /* JoltMap.png */; };
		CEE83C8F1D831D6600A01D37 /* JoltMap@2x.png in Resources */ = {isa = PBXBuildFile; fileRef = CEE83C891D831D6600A01D37 /* JoltMap@2x.png */; };
		CEE83C901D831D6600A01D37 /* JoltMap@3x.png in Resources */ = {isa = PBXBuildFile; fileRef = CEE83C8A1D831D6600A01D37 /* JoltMap@3x.png */; };
		CEE83C911D831D6600A01D37 /* JoltMenu.png in Resources */ = {isa = PBXBuildFile; fileRef = CEE83C8B1D831D6600A01D37 /* JoltMenu.png */; };
		CEE83C921D831D6600A01D37 /* JoltMenu@2x.png in Resources */ = {isa = PBXBuildFile; fileRef = CEE83C8C1D831D6600A01D37 /* JoltMenu@2x.png */; };
		CEE83C931D831D6600A01D37 /* JoltMenu@3x.png in Resources */ = {isa = PBXBuildFile; fileRef = CEE83C8D1D831D6600A01D37 /* JoltMenu@3x.png */; };
		CEFD001B1D907E9200006423 /* directions.png in Resources */ = {isa = PBXBuildFile; fileRef = CEFD00151D907E9200006423 /* directions.png */; };
		CEFD001C1D907E9200006423 /* directions@2x.png in Resources */ = {isa = PBXBuildFile; fileRef = CEFD00161D907E9200006423 /* directions@2x.png */; };
		CEFD001D1D907E9200006423 /* directions@3x.png in Resources */ = {isa = PBXBuildFile; fileRef = CEFD00171D907E9200006423 /* directions@3x.png */; };
/* End PBXBuildFile section */

/* Begin PBXContainerItemProxy section */
		CE15BC201D5E835600517135 /* PBXContainerItemProxy */ = {
			isa = PBXContainerItemProxy;
			containerPortal = CE15BC001D5E835600517135 /* Project object */;
			proxyType = 1;
			remoteGlobalIDString = CE15BC071D5E835600517135;
			remoteInfo = Demo1.0;
		};
		CE15BC2B1D5E835600517135 /* PBXContainerItemProxy */ = {
			isa = PBXContainerItemProxy;
			containerPortal = CE15BC001D5E835600517135 /* Project object */;
			proxyType = 1;
			remoteGlobalIDString = CE15BC071D5E835600517135;
			remoteInfo = Demo1.0;
		};
/* End PBXContainerItemProxy section */

/* Begin PBXFileReference section */
		29EDAB3A74CAFF4C119BB1E6 /* Pods-Demo1.0.debug.xcconfig */ = {isa = PBXFileReference; includeInIndex = 1; lastKnownFileType = text.xcconfig; name = "Pods-Demo1.0.debug.xcconfig"; path = "Pods/Target Support Files/Pods-Demo1.0/Pods-Demo1.0.debug.xcconfig"; sourceTree = "<group>"; };
		C065AB4F787DB97F553E9C93 /* Pods-Demo1.0.release.xcconfig */ = {isa = PBXFileReference; includeInIndex = 1; lastKnownFileType = text.xcconfig; name = "Pods-Demo1.0.release.xcconfig"; path = "Pods/Target Support Files/Pods-Demo1.0/Pods-Demo1.0.release.xcconfig"; sourceTree = "<group>"; };
		CE15BC081D5E835600517135 /* Demo1.0.app */ = {isa = PBXFileReference; explicitFileType = wrapper.application; includeInIndex = 0; path = Demo1.0.app; sourceTree = BUILT_PRODUCTS_DIR; };
		CE15BC0B1D5E835600517135 /* AppDelegate.swift */ = {isa = PBXFileReference; lastKnownFileType = sourcecode.swift; path = AppDelegate.swift; sourceTree = "<group>"; };
		CE15BC0D1D5E835600517135 /* VenueListViewController.swift */ = {isa = PBXFileReference; lastKnownFileType = sourcecode.swift; path = VenueListViewController.swift; sourceTree = "<group>"; };
		CE15BC101D5E835600517135 /* Base */ = {isa = PBXFileReference; lastKnownFileType = file.storyboard; name = Base; path = Base.lproj/Main.storyboard; sourceTree = "<group>"; };
		CE15BC131D5E835600517135 /* Demo1_0.xcdatamodel */ = {isa = PBXFileReference; lastKnownFileType = wrapper.xcdatamodel; path = Demo1_0.xcdatamodel; sourceTree = "<group>"; };
		CE15BC151D5E835600517135 /* Assets.xcassets */ = {isa = PBXFileReference; lastKnownFileType = folder.assetcatalog; path = Assets.xcassets; sourceTree = "<group>"; };
		CE15BC181D5E835600517135 /* Base */ = {isa = PBXFileReference; lastKnownFileType = file.storyboard; name = Base; path = Base.lproj/LaunchScreen.storyboard; sourceTree = "<group>"; };
		CE15BC1A1D5E835600517135 /* Info.plist */ = {isa = PBXFileReference; lastKnownFileType = text.plist.xml; path = Info.plist; sourceTree = "<group>"; };
		CE15BC1F1D5E835600517135 /* Demo1.0Tests.xctest */ = {isa = PBXFileReference; explicitFileType = wrapper.cfbundle; includeInIndex = 0; path = Demo1.0Tests.xctest; sourceTree = BUILT_PRODUCTS_DIR; };
		CE15BC231D5E835600517135 /* Demo1_0Tests.swift */ = {isa = PBXFileReference; lastKnownFileType = sourcecode.swift; path = Demo1_0Tests.swift; sourceTree = "<group>"; };
		CE15BC251D5E835600517135 /* Info.plist */ = {isa = PBXFileReference; lastKnownFileType = text.plist.xml; path = Info.plist; sourceTree = "<group>"; };
		CE15BC2A1D5E835600517135 /* Demo1.0UITests.xctest */ = {isa = PBXFileReference; explicitFileType = wrapper.cfbundle; includeInIndex = 0; path = Demo1.0UITests.xctest; sourceTree = BUILT_PRODUCTS_DIR; };
		CE15BC2E1D5E835600517135 /* Demo1_0UITests.swift */ = {isa = PBXFileReference; lastKnownFileType = sourcecode.swift; path = Demo1_0UITests.swift; sourceTree = "<group>"; };
		CE15BC301D5E835600517135 /* Info.plist */ = {isa = PBXFileReference; lastKnownFileType = text.plist.xml; path = Info.plist; sourceTree = "<group>"; };
		CE15BC3C1D5E837500517135 /* Demo1.0-Bridging-Header.h */ = {isa = PBXFileReference; lastKnownFileType = sourcecode.c.h; path = "Demo1.0-Bridging-Header.h"; sourceTree = "<group>"; };
		CE15BC3D1D5E837600517135 /* SWRevealViewController.h */ = {isa = PBXFileReference; fileEncoding = 4; lastKnownFileType = sourcecode.c.h; path = SWRevealViewController.h; sourceTree = "<group>"; };
		CE15BC3E1D5E837600517135 /* SWRevealViewController.m */ = {isa = PBXFileReference; fileEncoding = 4; lastKnownFileType = sourcecode.c.objc; path = SWRevealViewController.m; sourceTree = "<group>"; };
		CE15BC411D5E87B200517135 /* MapViewController.swift */ = {isa = PBXFileReference; fileEncoding = 4; lastKnownFileType = sourcecode.swift; path = MapViewController.swift; sourceTree = "<group>"; };
		CE15BC431D5E8B2300517135 /* AccountViewController.swift */ = {isa = PBXFileReference; fileEncoding = 4; lastKnownFileType = sourcecode.swift; path = AccountViewController.swift; sourceTree = "<group>"; };
		CE15BC451D5E8E0D00517135 /* PurchaseViewController.swift */ = {isa = PBXFileReference; fileEncoding = 4; lastKnownFileType = sourcecode.swift; path = PurchaseViewController.swift; sourceTree = "<group>"; };
		CE15BC471D5E8F6400517135 /* HelpViewController.swift */ = {isa = PBXFileReference; fileEncoding = 4; lastKnownFileType = sourcecode.swift; path = HelpViewController.swift; sourceTree = "<group>"; };
		CE15BC491D5E921D00517135 /* MapKit.framework */ = {isa = PBXFileReference; lastKnownFileType = wrapper.framework; name = MapKit.framework; path = System/Library/Frameworks/MapKit.framework; sourceTree = SDKROOT; };
		CE15BC4B1D5E922900517135 /* CoreLocation.framework */ = {isa = PBXFileReference; lastKnownFileType = wrapper.framework; name = CoreLocation.framework; path = System/Library/Frameworks/CoreLocation.framework; sourceTree = SDKROOT; };
		CE15BDC11DA5388C0072E9A2 /* Demo1.0.entitlements */ = {isa = PBXFileReference; lastKnownFileType = text.xml; path = Demo1.0.entitlements; sourceTree = "<group>"; };
		CE26D7591D943BCA00FBBFB8 /* cancel.png */ = {isa = PBXFileReference; lastKnownFileType = image.png; path = cancel.png; sourceTree = "<group>"; };
		CE26D75A1D943BCA00FBBFB8 /* cancel@2x.png */ = {isa = PBXFileReference; lastKnownFileType = image.png; path = "cancel@2x.png"; sourceTree = "<group>"; };
		CE26D75B1D943BCA00FBBFB8 /* cancel@3x.png */ = {isa = PBXFileReference; lastKnownFileType = image.png; path = "cancel@3x.png"; sourceTree = "<group>"; };
		CE26D76C1D95941000FBBFB8 /* FBSDKCoreKit.framework */ = {isa = PBXFileReference; lastKnownFileType = wrapper.framework; path = FBSDKCoreKit.framework; sourceTree = "<group>"; };
		CE26D76D1D95941000FBBFB8 /* FBSDKLoginKit.framework */ = {isa = PBXFileReference; lastKnownFileType = wrapper.framework; path = FBSDKLoginKit.framework; sourceTree = "<group>"; };
		CE26D76E1D95941000FBBFB8 /* FBSDKShareKit.framework */ = {isa = PBXFileReference; lastKnownFileType = wrapper.framework; path = FBSDKShareKit.framework; sourceTree = "<group>"; };
		CE26D7721D9771AE00FBBFB8 /* LoggedInViewController.swift */ = {isa = PBXFileReference; fileEncoding = 4; lastKnownFileType = sourcecode.swift; path = LoggedInViewController.swift; sourceTree = "<group>"; };
		CE26D7741D98846C00FBBFB8 /* email@2x.png */ = {isa = PBXFileReference; lastKnownFileType = image.png; path = "email@2x.png"; sourceTree = "<group>"; };
		CE26D7751D98846C00FBBFB8 /* name@2x.png */ = {isa = PBXFileReference; lastKnownFileType = image.png; path = "name@2x.png"; sourceTree = "<group>"; };
		CE26D7761D98846C00FBBFB8 /* phone@2x.png */ = {isa = PBXFileReference; lastKnownFileType = image.png; path = "phone@2x.png"; sourceTree = "<group>"; };
		CE26D7771D98846C00FBBFB8 /* email.png */ = {isa = PBXFileReference; lastKnownFileType = image.png; path = email.png; sourceTree = "<group>"; };
		CE26D7781D98846C00FBBFB8 /* name.png */ = {isa = PBXFileReference; lastKnownFileType = image.png; path = name.png; sourceTree = "<group>"; };
		CE26D7791D98846C00FBBFB8 /* phone.png */ = {isa = PBXFileReference; lastKnownFileType = image.png; path = phone.png; sourceTree = "<group>"; };
		CE26D77B1D98846C00FBBFB8 /* phone@3x.png */ = {isa = PBXFileReference; lastKnownFileType = image.png; path = "phone@3x.png"; sourceTree = "<group>"; };
		CE26D77C1D98846C00FBBFB8 /* email@3x.png */ = {isa = PBXFileReference; lastKnownFileType = image.png; path = "email@3x.png"; sourceTree = "<group>"; };
		CE26D77F1D98846C00FBBFB8 /* name@3x.png */ = {isa = PBXFileReference; lastKnownFileType = image.png; path = "name@3x.png"; sourceTree = "<group>"; };
		CE2F93F11D899A110023F623 /* GoogleService-Info.plist */ = {isa = PBXFileReference; fileEncoding = 4; lastKnownFileType = text.plist.xml; name = "GoogleService-Info.plist"; path = "../../../Downloads/GoogleService-Info.plist"; sourceTree = "<group>"; };
		CEA9192E1DA1AFB50010DF52 /* CustomCalloutView.xib */ = {isa = PBXFileReference; fileEncoding = 4; lastKnownFileType = file.xib; path = CustomCalloutView.xib; sourceTree = "<group>"; };
		CEA919301DA1AFBC0010DF52 /* CustomCalloutView.swift */ = {isa = PBXFileReference; fileEncoding = 4; lastKnownFileType = sourcecode.swift; path = CustomCalloutView.swift; sourceTree = "<group>"; };
		CEA919351DA1B83C0010DF52 /* AnnotationView.swift */ = {isa = PBXFileReference; fileEncoding = 4; lastKnownFileType = sourcecode.swift; path = AnnotationView.swift; sourceTree = "<group>"; };
		CEA919371DA2D3040010DF52 /* mapBubble.png */ = {isa = PBXFileReference; lastKnownFileType = image.png; path = mapBubble.png; sourceTree = "<group>"; };
		CEA919381DA2D3040010DF52 /* mapBubble@2x.png */ = {isa = PBXFileReference; lastKnownFileType = image.png; path = "mapBubble@2x.png"; sourceTree = "<group>"; };
		CEA919391DA2D3040010DF52 /* mapBubble@3x.png */ = {isa = PBXFileReference; lastKnownFileType = image.png; path = "mapBubble@3x.png"; sourceTree = "<group>"; };
		CEB646961D6C7C7F0024D4A5 /* CustomPointAnnotation.swift */ = {isa = PBXFileReference; fileEncoding = 4; lastKnownFileType = sourcecode.swift; path = CustomPointAnnotation.swift; sourceTree = "<group>"; };
		CEE83C2B1D78B8A700A01D37 /* Menufilled.png */ = {isa = PBXFileReference; lastKnownFileType = image.png; name = Menufilled.png; path = ../../Downloads/Menufilled.png; sourceTree = "<group>"; };
		CEE83C2C1D78B8A700A01D37 /* Menufilled@2x.png */ = {isa = PBXFileReference; lastKnownFileType = image.png; name = "Menufilled@2x.png"; path = "../../Downloads/Menufilled@2x.png"; sourceTree = "<group>"; };
		CEE83C2D1D78B8A700A01D37 /* Menufilled@3x.png */ = {isa = PBXFileReference; lastKnownFileType = image.png; name = "Menufilled@3x.png"; path = "../../Downloads/Menufilled@3x.png"; sourceTree = "<group>"; };
		CEE83C311D78CDC900A01D37 /* Beer.png */ = {isa = PBXFileReference; lastKnownFileType = image.png; path = Beer.png; sourceTree = "<group>"; };
		CEE83C321D78CDC900A01D37 /* Beer@2x.png */ = {isa = PBXFileReference; lastKnownFileType = image.png; path = "Beer@2x.png"; sourceTree = "<group>"; };
		CEE83C331D78CDC900A01D37 /* Beer@3x.png */ = {isa = PBXFileReference; lastKnownFileType = image.png; path = "Beer@3x.png"; sourceTree = "<group>"; };
		CEE83C341D78CDC900A01D37 /* Cafe.png */ = {isa = PBXFileReference; lastKnownFileType = image.png; path = Cafe.png; sourceTree = "<group>"; };
		CEE83C351D78CDC900A01D37 /* Cafe@2x.png */ = {isa = PBXFileReference; lastKnownFileType = image.png; path = "Cafe@2x.png"; sourceTree = "<group>"; };
		CEE83C361D78CDC900A01D37 /* Cafe@3x.png */ = {isa = PBXFileReference; lastKnownFileType = image.png; path = "Cafe@3x.png"; sourceTree = "<group>"; };
		CEE83C371D78CDC900A01D37 /* Office.png */ = {isa = PBXFileReference; lastKnownFileType = image.png; path = Office.png; sourceTree = "<group>"; };
		CEE83C381D78CDC900A01D37 /* Office@2x.png */ = {isa = PBXFileReference; lastKnownFileType = image.png; path = "Office@2x.png"; sourceTree = "<group>"; };
		CEE83C391D78CDC900A01D37 /* Office@3x.png */ = {isa = PBXFileReference; lastKnownFileType = image.png; path = "Office@3x.png"; sourceTree = "<group>"; };
		CEE83C3A1D78CDC900A01D37 /* Restaurant.png */ = {isa = PBXFileReference; lastKnownFileType = image.png; path = Restaurant.png; sourceTree = "<group>"; };
		CEE83C3B1D78CDC900A01D37 /* Restaurant@2x.png */ = {isa = PBXFileReference; lastKnownFileType = image.png; path = "Restaurant@2x.png"; sourceTree = "<group>"; };
		CEE83C3C1D78CDC900A01D37 /* Restaurant@3x.png */ = {isa = PBXFileReference; lastKnownFileType = image.png; path = "Restaurant@3x.png"; sourceTree = "<group>"; };
		CEE83C4B1D7915FC00A01D37 /* MQLogo.png */ = {isa = PBXFileReference; lastKnownFileType = image.png; path = MQLogo.png; sourceTree = SOURCE_ROOT; };
		CEE83C4C1D7915FC00A01D37 /* MQLogo@2x.png */ = {isa = PBXFileReference; lastKnownFileType = image.png; path = "MQLogo@2x.png"; sourceTree = SOURCE_ROOT; };
		CEE83C4D1D7915FC00A01D37 /* MQLogo@3x.png */ = {isa = PBXFileReference; lastKnownFileType = image.png; path = "MQLogo@3x.png"; sourceTree = SOURCE_ROOT; };
		CEE83C521D79D32900A01D37 /* CustomVenueCell.swift */ = {isa = PBXFileReference; fileEncoding = 4; lastKnownFileType = sourcecode.swift; path = CustomVenueCell.swift; sourceTree = "<group>"; };
		CEE83C541D7B6BA700A01D37 /* GreenCredit.png */ = {isa = PBXFileReference; lastKnownFileType = image.png; path = GreenCredit.png; sourceTree = "<group>"; };
		CEE83C551D7B6BA700A01D37 /* GreenCredit@2x.png */ = {isa = PBXFileReference; lastKnownFileType = image.png; path = "GreenCredit@2x.png"; sourceTree = "<group>"; };
		CEE83C561D7B6BA700A01D37 /* GreenCredit@3x.png */ = {isa = PBXFileReference; lastKnownFileType = image.png; path = "GreenCredit@3x.png"; sourceTree = "<group>"; };
		CEE83C571D7B6BA700A01D37 /* GreenHelp.png */ = {isa = PBXFileReference; lastKnownFileType = image.png; path = GreenHelp.png; sourceTree = "<group>"; };
		CEE83C581D7B6BA700A01D37 /* GreenHelp@2x.png */ = {isa = PBXFileReference; lastKnownFileType = image.png; path = "GreenHelp@2x.png"; sourceTree = "<group>"; };
		CEE83C591D7B6BA700A01D37 /* GreenHelp@3x.png */ = {isa = PBXFileReference; lastKnownFileType = image.png; path = "GreenHelp@3x.png"; sourceTree = "<group>"; };
		CEE83C5A1D7B6BA700A01D37 /* GreenMap.png */ = {isa = PBXFileReference; lastKnownFileType = image.png; path = GreenMap.png; sourceTree = "<group>"; };
		CEE83C5B1D7B6BA700A01D37 /* GreenMap@2x.png */ = {isa = PBXFileReference; lastKnownFileType = image.png; path = "GreenMap@2x.png"; sourceTree = "<group>"; };
		CEE83C5C1D7B6BA700A01D37 /* GreenMap@3x.png */ = {isa = PBXFileReference; lastKnownFileType = image.png; path = "GreenMap@3x.png"; sourceTree = "<group>"; };
		CEE83C5D1D7B6BA700A01D37 /* GreenName.png */ = {isa = PBXFileReference; lastKnownFileType = image.png; path = GreenName.png; sourceTree = "<group>"; };
		CEE83C5E1D7B6BA700A01D37 /* GreenName@2x.png */ = {isa = PBXFileReference; lastKnownFileType = image.png; path = "GreenName@2x.png"; sourceTree = "<group>"; };
		CEE83C5F1D7B6BA700A01D37 /* GreenName@3x.png */ = {isa = PBXFileReference; lastKnownFileType = image.png; path = "GreenName@3x.png"; sourceTree = "<group>"; };
		CEE83C6C1D7B6BBD00A01D37 /* WhiteCredit.png */ = {isa = PBXFileReference; lastKnownFileType = image.png; path = WhiteCredit.png; sourceTree = "<group>"; };
		CEE83C6D1D7B6BBD00A01D37 /* WhiteCredit@2x.png */ = {isa = PBXFileReference; lastKnownFileType = image.png; path = "WhiteCredit@2x.png"; sourceTree = "<group>"; };
		CEE83C6E1D7B6BBD00A01D37 /* WhiteCredit@3x.png */ = {isa = PBXFileReference; lastKnownFileType = image.png; path = "WhiteCredit@3x.png"; sourceTree = "<group>"; };
		CEE83C6F1D7B6BBD00A01D37 /* WhiteHelp.png */ = {isa = PBXFileReference; lastKnownFileType = image.png; path = WhiteHelp.png; sourceTree = "<group>"; };
		CEE83C701D7B6BBD00A01D37 /* WhiteHelp@2x.png */ = {isa = PBXFileReference; lastKnownFileType = image.png; path = "WhiteHelp@2x.png"; sourceTree = "<group>"; };
		CEE83C711D7B6BBD00A01D37 /* WhiteHelp@3x.png */ = {isa = PBXFileReference; lastKnownFileType = image.png; path = "WhiteHelp@3x.png"; sourceTree = "<group>"; };
		CEE83C721D7B6BBD00A01D37 /* WhiteMap.png */ = {isa = PBXFileReference; lastKnownFileType = image.png; path = WhiteMap.png; sourceTree = "<group>"; };
		CEE83C731D7B6BBD00A01D37 /* WhiteMap@2x.png */ = {isa = PBXFileReference; lastKnownFileType = image.png; path = "WhiteMap@2x.png"; sourceTree = "<group>"; };
		CEE83C741D7B6BBD00A01D37 /* WhiteMap@3x.png */ = {isa = PBXFileReference; lastKnownFileType = image.png; path = "WhiteMap@3x.png"; sourceTree = "<group>"; };
		CEE83C751D7B6BBD00A01D37 /* WhiteName.png */ = {isa = PBXFileReference; lastKnownFileType = image.png; path = WhiteName.png; sourceTree = "<group>"; };
		CEE83C761D7B6BBD00A01D37 /* WhiteName@2x.png */ = {isa = PBXFileReference; lastKnownFileType = image.png; path = "WhiteName@2x.png"; sourceTree = "<group>"; };
		CEE83C771D7B6BBD00A01D37 /* WhiteName@3x.png */ = {isa = PBXFileReference; lastKnownFileType = image.png; path = "WhiteName@3x.png"; sourceTree = "<group>"; };
		CEE83C881D831D6600A01D37 /* JoltMap.png */ = {isa = PBXFileReference; lastKnownFileType = image.png; path = JoltMap.png; sourceTree = "<group>"; };
		CEE83C891D831D6600A01D37 /* JoltMap@2x.png */ = {isa = PBXFileReference; lastKnownFileType = image.png; path = "JoltMap@2x.png"; sourceTree = "<group>"; };
		CEE83C8A1D831D6600A01D37 /* JoltMap@3x.png */ = {isa = PBXFileReference; lastKnownFileType = image.png; path = "JoltMap@3x.png"; sourceTree = "<group>"; };
		CEE83C8B1D831D6600A01D37 /* JoltMenu.png */ = {isa = PBXFileReference; lastKnownFileType = image.png; path = JoltMenu.png; sourceTree = "<group>"; };
		CEE83C8C1D831D6600A01D37 /* JoltMenu@2x.png */ = {isa = PBXFileReference; lastKnownFileType = image.png; path = "JoltMenu@2x.png"; sourceTree = "<group>"; };
		CEE83C8D1D831D6600A01D37 /* JoltMenu@3x.png */ = {isa = PBXFileReference; lastKnownFileType = image.png; path = "JoltMenu@3x.png"; sourceTree = "<group>"; };
		CEFD00151D907E9200006423 /* directions.png */ = {isa = PBXFileReference; lastKnownFileType = image.png; path = directions.png; sourceTree = "<group>"; };
		CEFD00161D907E9200006423 /* directions@2x.png */ = {isa = PBXFileReference; lastKnownFileType = image.png; path = "directions@2x.png"; sourceTree = "<group>"; };
		CEFD00171D907E9200006423 /* directions@3x.png */ = {isa = PBXFileReference; lastKnownFileType = image.png; path = "directions@3x.png"; sourceTree = "<group>"; };
		E09DBBBFF47FE45E9649D9C8 /* Pods_Demo1_0.framework */ = {isa = PBXFileReference; explicitFileType = wrapper.framework; includeInIndex = 0; path = Pods_Demo1_0.framework; sourceTree = BUILT_PRODUCTS_DIR; };
/* End PBXFileReference section */

/* Begin PBXFrameworksBuildPhase section */
		CE15BC051D5E835600517135 /* Frameworks */ = {
			isa = PBXFrameworksBuildPhase;
			buildActionMask = 2147483647;
			files = (
				CE15BC4C1D5E922900517135 /* CoreLocation.framework in Frameworks */,
				CE26D76F1D95941000FBBFB8 /* FBSDKCoreKit.framework in Frameworks */,
				CE26D7711D95941000FBBFB8 /* FBSDKShareKit.framework in Frameworks */,
				CE26D7701D95941000FBBFB8 /* FBSDKLoginKit.framework in Frameworks */,
				CE15BC4A1D5E921E00517135 /* MapKit.framework in Frameworks */,
				495D06755AB9B437598C9946 /* Pods_Demo1_0.framework in Frameworks */,
			);
			runOnlyForDeploymentPostprocessing = 0;
		};
		CE15BC1C1D5E835600517135 /* Frameworks */ = {
			isa = PBXFrameworksBuildPhase;
			buildActionMask = 2147483647;
			files = (
			);
			runOnlyForDeploymentPostprocessing = 0;
		};
		CE15BC271D5E835600517135 /* Frameworks */ = {
			isa = PBXFrameworksBuildPhase;
			buildActionMask = 2147483647;
			files = (
			);
			runOnlyForDeploymentPostprocessing = 0;
		};
/* End PBXFrameworksBuildPhase section */

/* Begin PBXGroup section */
		2FAC4DF97FF945878F23C1D2 /* Pods */ = {
			isa = PBXGroup;
			children = (
				29EDAB3A74CAFF4C119BB1E6 /* Pods-Demo1.0.debug.xcconfig */,
				C065AB4F787DB97F553E9C93 /* Pods-Demo1.0.release.xcconfig */,
			);
			name = Pods;
			sourceTree = "<group>";
		};
		6D8A5E3BF541CA52FABB2CB7 /* Frameworks */ = {
			isa = PBXGroup;
			children = (
				CE26D76C1D95941000FBBFB8 /* FBSDKCoreKit.framework */,
				CE26D76D1D95941000FBBFB8 /* FBSDKLoginKit.framework */,
				CE26D76E1D95941000FBBFB8 /* FBSDKShareKit.framework */,
				E09DBBBFF47FE45E9649D9C8 /* Pods_Demo1_0.framework */,
			);
			name = Frameworks;
			sourceTree = "<group>";
		};
		CE15BBFF1D5E835600517135 = {
			isa = PBXGroup;
			children = (
				CEE83C511D79160900A01D37 /* Images */,
				CE15BC4B1D5E922900517135 /* CoreLocation.framework */,
				CE15BC491D5E921D00517135 /* MapKit.framework */,
				CE15BC0A1D5E835600517135 /* Demo1.0 */,
				CE15BC221D5E835600517135 /* Demo1.0Tests */,
				CE15BC2D1D5E835600517135 /* Demo1.0UITests */,
				CE15BC091D5E835600517135 /* Products */,
				2FAC4DF97FF945878F23C1D2 /* Pods */,
				6D8A5E3BF541CA52FABB2CB7 /* Frameworks */,
			);
			sourceTree = "<group>";
		};
		CE15BC091D5E835600517135 /* Products */ = {
			isa = PBXGroup;
			children = (
				CE15BC081D5E835600517135 /* Demo1.0.app */,
				CE15BC1F1D5E835600517135 /* Demo1.0Tests.xctest */,
				CE15BC2A1D5E835600517135 /* Demo1.0UITests.xctest */,
			);
			name = Products;
			sourceTree = "<group>";
		};
		CE15BC0A1D5E835600517135 /* Demo1.0 */ = {
			isa = PBXGroup;
			children = (
				CE15BDC11DA5388C0072E9A2 /* Demo1.0.entitlements */,
				CEA919321DA1AFCF0010DF52 /* Custom Callout */,
				CE2F93F11D899A110023F623 /* GoogleService-Info.plist */,
				CE15BC0B1D5E835600517135 /* AppDelegate.swift */,
				CE15BC0D1D5E835600517135 /* VenueListViewController.swift */,
				CEE83C521D79D32900A01D37 /* CustomVenueCell.swift */,
				CEB646961D6C7C7F0024D4A5 /* CustomPointAnnotation.swift */,
				CE15BC0F1D5E835600517135 /* Main.storyboard */,
				CE26D7721D9771AE00FBBFB8 /* LoggedInViewController.swift */,
				CE15BC411D5E87B200517135 /* MapViewController.swift */,
				CEA919351DA1B83C0010DF52 /* AnnotationView.swift */,
				CE15BC431D5E8B2300517135 /* AccountViewController.swift */,
				CE15BC451D5E8E0D00517135 /* PurchaseViewController.swift */,
				CE15BC471D5E8F6400517135 /* HelpViewController.swift */,
				CE15BC151D5E835600517135 /* Assets.xcassets */,
				CE15BC171D5E835600517135 /* LaunchScreen.storyboard */,
				CE15BC1A1D5E835600517135 /* Info.plist */,
				CE15BC121D5E835600517135 /* Demo1_0.xcdatamodeld */,
				CE15BC401D5E837D00517135 /* Supporting Files */,
			);
			path = Demo1.0;
			sourceTree = "<group>";
		};
		CE15BC221D5E835600517135 /* Demo1.0Tests */ = {
			isa = PBXGroup;
			children = (
				CE15BC231D5E835600517135 /* Demo1_0Tests.swift */,
				CE15BC251D5E835600517135 /* Info.plist */,
			);
			path = Demo1.0Tests;
			sourceTree = "<group>";
		};
		CE15BC2D1D5E835600517135 /* Demo1.0UITests */ = {
			isa = PBXGroup;
			children = (
				CE15BC2E1D5E835600517135 /* Demo1_0UITests.swift */,
				CE15BC301D5E835600517135 /* Info.plist */,
			);
			path = Demo1.0UITests;
			sourceTree = "<group>";
		};
		CE15BC401D5E837D00517135 /* Supporting Files */ = {
			isa = PBXGroup;
			children = (
				CE15BC3D1D5E837600517135 /* SWRevealViewController.h */,
				CE15BC3E1D5E837600517135 /* SWRevealViewController.m */,
				CE15BC3C1D5E837500517135 /* Demo1.0-Bridging-Header.h */,
			);
			name = "Supporting Files";
			sourceTree = "<group>";
		};
		CEA919321DA1AFCF0010DF52 /* Custom Callout */ = {
			isa = PBXGroup;
			children = (
				CEA9192E1DA1AFB50010DF52 /* CustomCalloutView.xib */,
				CEA919301DA1AFBC0010DF52 /* CustomCalloutView.swift */,
			);
			name = "Custom Callout";
			sourceTree = "<group>";
		};
		CEE83C511D79160900A01D37 /* Images */ = {
			isa = PBXGroup;
			children = (
				CEA919371DA2D3040010DF52 /* mapBubble.png */,
				CEA919381DA2D3040010DF52 /* mapBubble@2x.png */,
				CEA919391DA2D3040010DF52 /* mapBubble@3x.png */,
				CE26D7741D98846C00FBBFB8 /* email@2x.png */,
				CE26D7751D98846C00FBBFB8 /* name@2x.png */,
				CE26D7761D98846C00FBBFB8 /* phone@2x.png */,
				CE26D7771D98846C00FBBFB8 /* email.png */,
				CE26D7781D98846C00FBBFB8 /* name.png */,
				CE26D7791D98846C00FBBFB8 /* phone.png */,
				CE26D77B1D98846C00FBBFB8 /* phone@3x.png */,
				CE26D77C1D98846C00FBBFB8 /* email@3x.png */,
				CE26D77F1D98846C00FBBFB8 /* name@3x.png */,
				CE26D7591D943BCA00FBBFB8 /* cancel.png */,
				CE26D75A1D943BCA00FBBFB8 /* cancel@2x.png */,
				CE26D75B1D943BCA00FBBFB8 /* cancel@3x.png */,
				CEFD00151D907E9200006423 /* directions.png */,
				CEFD00161D907E9200006423 /* directions@2x.png */,
				CEFD00171D907E9200006423 /* directions@3x.png */,
				CEE83C6C1D7B6BBD00A01D37 /* WhiteCredit.png */,
				CEE83C6D1D7B6BBD00A01D37 /* WhiteCredit@2x.png */,
				CEE83C6E1D7B6BBD00A01D37 /* WhiteCredit@3x.png */,
				CEE83C6F1D7B6BBD00A01D37 /* WhiteHelp.png */,
				CEE83C701D7B6BBD00A01D37 /* WhiteHelp@2x.png */,
				CEE83C711D7B6BBD00A01D37 /* WhiteHelp@3x.png */,
				CEE83C721D7B6BBD00A01D37 /* WhiteMap.png */,
				CEE83C731D7B6BBD00A01D37 /* WhiteMap@2x.png */,
				CEE83C741D7B6BBD00A01D37 /* WhiteMap@3x.png */,
				CEE83C751D7B6BBD00A01D37 /* WhiteName.png */,
				CEE83C761D7B6BBD00A01D37 /* WhiteName@2x.png */,
				CEE83C771D7B6BBD00A01D37 /* WhiteName@3x.png */,
				CEE83C541D7B6BA700A01D37 /* GreenCredit.png */,
				CEE83C551D7B6BA700A01D37 /* GreenCredit@2x.png */,
				CEE83C561D7B6BA700A01D37 /* GreenCredit@3x.png */,
				CEE83C571D7B6BA700A01D37 /* GreenHelp.png */,
				CEE83C581D7B6BA700A01D37 /* GreenHelp@2x.png */,
				CEE83C591D7B6BA700A01D37 /* GreenHelp@3x.png */,
				CEE83C5A1D7B6BA700A01D37 /* GreenMap.png */,
				CEE83C5B1D7B6BA700A01D37 /* GreenMap@2x.png */,
				CEE83C5C1D7B6BA700A01D37 /* GreenMap@3x.png */,
				CEE83C5D1D7B6BA700A01D37 /* GreenName.png */,
				CEE83C5E1D7B6BA700A01D37 /* GreenName@2x.png */,
				CEE83C5F1D7B6BA700A01D37 /* GreenName@3x.png */,
				CEE83C311D78CDC900A01D37 /* Beer.png */,
				CEE83C321D78CDC900A01D37 /* Beer@2x.png */,
				CEE83C331D78CDC900A01D37 /* Beer@3x.png */,
				CEE83C341D78CDC900A01D37 /* Cafe.png */,
				CEE83C351D78CDC900A01D37 /* Cafe@2x.png */,
				CEE83C361D78CDC900A01D37 /* Cafe@3x.png */,
				CEE83C371D78CDC900A01D37 /* Office.png */,
				CEE83C381D78CDC900A01D37 /* Office@2x.png */,
				CEE83C391D78CDC900A01D37 /* Office@3x.png */,
				CEE83C3A1D78CDC900A01D37 /* Restaurant.png */,
				CEE83C3B1D78CDC900A01D37 /* Restaurant@2x.png */,
				CEE83C3C1D78CDC900A01D37 /* Restaurant@3x.png */,
				CEE83C2B1D78B8A700A01D37 /* Menufilled.png */,
				CEE83C881D831D6600A01D37 /* JoltMap.png */,
				CEE83C891D831D6600A01D37 /* JoltMap@2x.png */,
				CEE83C8A1D831D6600A01D37 /* JoltMap@3x.png */,
				CEE83C8B1D831D6600A01D37 /* JoltMenu.png */,
				CEE83C8C1D831D6600A01D37 /* JoltMenu@2x.png */,
				CEE83C8D1D831D6600A01D37 /* JoltMenu@3x.png */,
				CEE83C2C1D78B8A700A01D37 /* Menufilled@2x.png */,
				CEE83C2D1D78B8A700A01D37 /* Menufilled@3x.png */,
				CEE83C4B1D7915FC00A01D37 /* MQLogo.png */,
				CEE83C4C1D7915FC00A01D37 /* MQLogo@2x.png */,
				CEE83C4D1D7915FC00A01D37 /* MQLogo@3x.png */,
			);
			name = Images;
			sourceTree = "<group>";
		};
/* End PBXGroup section */

/* Begin PBXNativeTarget section */
		CE15BC071D5E835600517135 /* Demo1.0 */ = {
			isa = PBXNativeTarget;
			buildConfigurationList = CE15BC331D5E835600517135 /* Build configuration list for PBXNativeTarget "Demo1.0" */;
			buildPhases = (
				AC3AEC8A1C3DA4E9C999CED3 /* [CP] Check Pods Manifest.lock */,
				CE15BC041D5E835600517135 /* Sources */,
				CE15BC051D5E835600517135 /* Frameworks */,
				CE15BC061D5E835600517135 /* Resources */,
				18E2E985AC80F7E0BAA292EF /* [CP] Embed Pods Frameworks */,
				976DAB1B1E57E9DFAA0F26DE /* [CP] Copy Pods Resources */,
			);
			buildRules = (
			);
			dependencies = (
			);
			name = Demo1.0;
			productName = Demo1.0;
			productReference = CE15BC081D5E835600517135 /* Demo1.0.app */;
			productType = "com.apple.product-type.application";
		};
		CE15BC1E1D5E835600517135 /* Demo1.0Tests */ = {
			isa = PBXNativeTarget;
			buildConfigurationList = CE15BC361D5E835600517135 /* Build configuration list for PBXNativeTarget "Demo1.0Tests" */;
			buildPhases = (
				CE15BC1B1D5E835600517135 /* Sources */,
				CE15BC1C1D5E835600517135 /* Frameworks */,
				CE15BC1D1D5E835600517135 /* Resources */,
			);
			buildRules = (
			);
			dependencies = (
				CE15BC211D5E835600517135 /* PBXTargetDependency */,
			);
			name = Demo1.0Tests;
			productName = Demo1.0Tests;
			productReference = CE15BC1F1D5E835600517135 /* Demo1.0Tests.xctest */;
			productType = "com.apple.product-type.bundle.unit-test";
		};
		CE15BC291D5E835600517135 /* Demo1.0UITests */ = {
			isa = PBXNativeTarget;
			buildConfigurationList = CE15BC391D5E835600517135 /* Build configuration list for PBXNativeTarget "Demo1.0UITests" */;
			buildPhases = (
				CE15BC261D5E835600517135 /* Sources */,
				CE15BC271D5E835600517135 /* Frameworks */,
				CE15BC281D5E835600517135 /* Resources */,
			);
			buildRules = (
			);
			dependencies = (
				CE15BC2C1D5E835600517135 /* PBXTargetDependency */,
			);
			name = Demo1.0UITests;
			productName = Demo1.0UITests;
			productReference = CE15BC2A1D5E835600517135 /* Demo1.0UITests.xctest */;
			productType = "com.apple.product-type.bundle.ui-testing";
		};
/* End PBXNativeTarget section */

/* Begin PBXProject section */
		CE15BC001D5E835600517135 /* Project object */ = {
			isa = PBXProject;
			attributes = {
				LastSwiftUpdateCheck = 0730;
				LastUpgradeCheck = 0730;
				ORGANIZATIONNAME = Jolt;
				TargetAttributes = {
					CE15BC071D5E835600517135 = {
						CreatedOnToolsVersion = 7.3.1;
						DevelopmentTeam = M772QAS5V3;
						SystemCapabilities = {
							com.apple.OMC = {
								enabled = 1;
							};
						};
					};
					CE15BC1E1D5E835600517135 = {
						CreatedOnToolsVersion = 7.3.1;
						TestTargetID = CE15BC071D5E835600517135;
					};
					CE15BC291D5E835600517135 = {
						CreatedOnToolsVersion = 7.3.1;
						TestTargetID = CE15BC071D5E835600517135;
					};
				};
			};
			buildConfigurationList = CE15BC031D5E835600517135 /* Build configuration list for PBXProject "Demo1.0" */;
			compatibilityVersion = "Xcode 3.2";
			developmentRegion = English;
			hasScannedForEncodings = 0;
			knownRegions = (
				en,
				Base,
			);
			mainGroup = CE15BBFF1D5E835600517135;
			productRefGroup = CE15BC091D5E835600517135 /* Products */;
			projectDirPath = "";
			projectRoot = "";
			targets = (
				CE15BC071D5E835600517135 /* Demo1.0 */,
				CE15BC1E1D5E835600517135 /* Demo1.0Tests */,
				CE15BC291D5E835600517135 /* Demo1.0UITests */,
			);
		};
/* End PBXProject section */

/* Begin PBXResourcesBuildPhase section */
		CE15BC061D5E835600517135 /* Resources */ = {
			isa = PBXResourcesBuildPhase;
			buildActionMask = 2147483647;
			files = (
				CEE83C481D78CDC900A01D37 /* Restaurant@3x.png in Resources */,
				CEA9193B1DA2D3040010DF52 /* mapBubble@2x.png in Resources */,
				CE26D75E1D943BCA00FBBFB8 /* cancel@3x.png in Resources */,
				CEA9193A1DA2D3040010DF52 /* mapBubble.png in Resources */,
				CEE83C4F1D7915FC00A01D37 /* MQLogo@2x.png in Resources */,
				CEE83C411D78CDC900A01D37 /* Cafe@2x.png in Resources */,
				CEE83C821D7B6BBD00A01D37 /* WhiteName@2x.png in Resources */,
				CE26D7811D98846C00FBBFB8 /* name@2x.png in Resources */,
				CEE83C611D7B6BA700A01D37 /* GreenCredit@2x.png in Resources */,
				CEE83C621D7B6BA700A01D37 /* GreenCredit@3x.png in Resources */,
				CE26D78B1D98846C00FBBFB8 /* name@3x.png in Resources */,
				CEE83C3D1D78CDC900A01D37 /* Beer.png in Resources */,
				CEE83C7E1D7B6BBD00A01D37 /* WhiteMap.png in Resources */,
				CE15BC191D5E835600517135 /* LaunchScreen.storyboard in Resources */,
				CEE83C401D78CDC900A01D37 /* Cafe.png in Resources */,
				CEE83C451D78CDC900A01D37 /* Office@3x.png in Resources */,
				CEE83C7C1D7B6BBD00A01D37 /* WhiteHelp@2x.png in Resources */,
				CE26D7881D98846C00FBBFB8 /* email@3x.png in Resources */,
				CEE83C921D831D6600A01D37 /* JoltMenu@2x.png in Resources */,
				CE2F93F21D899A110023F623 /* GoogleService-Info.plist in Resources */,
				CEE83C421D78CDC900A01D37 /* Cafe@3x.png in Resources */,
				CEE83C671D7B6BA700A01D37 /* GreenMap@2x.png in Resources */,
				CE26D75D1D943BCA00FBBFB8 /* cancel@2x.png in Resources */,
				CEFD001B1D907E9200006423 /* directions.png in Resources */,
				CE26D7841D98846C00FBBFB8 /* name.png in Resources */,
				CEE83C3F1D78CDC900A01D37 /* Beer@3x.png in Resources */,
				CE26D7851D98846C00FBBFB8 /* phone.png in Resources */,
				CEE83C681D7B6BA700A01D37 /* GreenMap@3x.png in Resources */,
				CEE83C431D78CDC900A01D37 /* Office.png in Resources */,
				CEFD001C1D907E9200006423 /* directions@2x.png in Resources */,
				CEA9193C1DA2D3040010DF52 /* mapBubble@3x.png in Resources */,
				CEE83C781D7B6BBD00A01D37 /* WhiteCredit.png in Resources */,
				CEE83C301D78B8A700A01D37 /* Menufilled@3x.png in Resources */,
				CEE83C901D831D6600A01D37 /* JoltMap@3x.png in Resources */,
				CEE83C911D831D6600A01D37 /* JoltMenu.png in Resources */,
				CEA9192F1DA1AFB50010DF52 /* CustomCalloutView.xib in Resources */,
				CEE83C8E1D831D6600A01D37 /* JoltMap.png in Resources */,
				CEE83C7D1D7B6BBD00A01D37 /* WhiteHelp@3x.png in Resources */,
				CEE83C7A1D7B6BBD00A01D37 /* WhiteCredit@3x.png in Resources */,
				CEE83C501D7915FC00A01D37 /* MQLogo@3x.png in Resources */,
				CE26D7801D98846C00FBBFB8 /* email@2x.png in Resources */,
				CE15BC161D5E835600517135 /* Assets.xcassets in Resources */,
				CEE83C7F1D7B6BBD00A01D37 /* WhiteMap@2x.png in Resources */,
				CEFD001D1D907E9200006423 /* directions@3x.png in Resources */,
				CEE83C471D78CDC900A01D37 /* Restaurant@2x.png in Resources */,
				CEE83C651D7B6BA700A01D37 /* GreenHelp@3x.png in Resources */,
				CEE83C811D7B6BBD00A01D37 /* WhiteName.png in Resources */,
				CEE83C461D78CDC900A01D37 /* Restaurant.png in Resources */,
				CEE83C641D7B6BA700A01D37 /* GreenHelp@2x.png in Resources */,
				CEE83C2E1D78B8A700A01D37 /* Menufilled.png in Resources */,
				CE26D7821D98846C00FBBFB8 /* phone@2x.png in Resources */,
				CEE83C931D831D6600A01D37 /* JoltMenu@3x.png in Resources */,
				CEE83C2F1D78B8A700A01D37 /* Menufilled@2x.png in Resources */,
				CEE83C3E1D78CDC900A01D37 /* Beer@2x.png in Resources */,
				CEE83C7B1D7B6BBD00A01D37 /* WhiteHelp.png in Resources */,
				CEE83C441D78CDC900A01D37 /* Office@2x.png in Resources */,
				CEE83C691D7B6BA700A01D37 /* GreenName.png in Resources */,
				CE15BC111D5E835600517135 /* Main.storyboard in Resources */,
				CEE83C601D7B6BA700A01D37 /* GreenCredit.png in Resources */,
				CEE83C4E1D7915FC00A01D37 /* MQLogo.png in Resources */,
				CEE83C801D7B6BBD00A01D37 /* WhiteMap@3x.png in Resources */,
				CE26D7871D98846C00FBBFB8 /* phone@3x.png in Resources */,
				CEE83C831D7B6BBD00A01D37 /* WhiteName@3x.png in Resources */,
				CE26D7831D98846C00FBBFB8 /* email.png in Resources */,
				CEE83C8F1D831D6600A01D37 /* JoltMap@2x.png in Resources */,
				CEE83C6B1D7B6BA700A01D37 /* GreenName@3x.png in Resources */,
				CE26D75C1D943BCA00FBBFB8 /* cancel.png in Resources */,
				CEE83C661D7B6BA700A01D37 /* GreenMap.png in Resources */,
				CEE83C631D7B6BA700A01D37 /* GreenHelp.png in Resources */,
				CEE83C791D7B6BBD00A01D37 /* WhiteCredit@2x.png in Resources */,
				CEE83C6A1D7B6BA700A01D37 /* GreenName@2x.png in Resources */,
			);
			runOnlyForDeploymentPostprocessing = 0;
		};
		CE15BC1D1D5E835600517135 /* Resources */ = {
			isa = PBXResourcesBuildPhase;
			buildActionMask = 2147483647;
			files = (
			);
			runOnlyForDeploymentPostprocessing = 0;
		};
		CE15BC281D5E835600517135 /* Resources */ = {
			isa = PBXResourcesBuildPhase;
			buildActionMask = 2147483647;
			files = (
			);
			runOnlyForDeploymentPostprocessing = 0;
		};
/* End PBXResourcesBuildPhase section */

/* Begin PBXShellScriptBuildPhase section */
		18E2E985AC80F7E0BAA292EF /* [CP] Embed Pods Frameworks */ = {
			isa = PBXShellScriptBuildPhase;
			buildActionMask = 2147483647;
			files = (
			);
			inputPaths = (
			);
			name = "[CP] Embed Pods Frameworks";
			outputPaths = (
			);
			runOnlyForDeploymentPostprocessing = 0;
			shellPath = /bin/sh;
			shellScript = "\"${SRCROOT}/Pods/Target Support Files/Pods-Demo1.0/Pods-Demo1.0-frameworks.sh\"\n";
			showEnvVarsInLog = 0;
		};
		976DAB1B1E57E9DFAA0F26DE /* [CP] Copy Pods Resources */ = {
			isa = PBXShellScriptBuildPhase;
			buildActionMask = 2147483647;
			files = (
			);
			inputPaths = (
			);
			name = "[CP] Copy Pods Resources";
			outputPaths = (
			);
			runOnlyForDeploymentPostprocessing = 0;
			shellPath = /bin/sh;
			shellScript = "\"${SRCROOT}/Pods/Target Support Files/Pods-Demo1.0/Pods-Demo1.0-resources.sh\"\n";
			showEnvVarsInLog = 0;
		};
		AC3AEC8A1C3DA4E9C999CED3 /* [CP] Check Pods Manifest.lock */ = {
			isa = PBXShellScriptBuildPhase;
			buildActionMask = 2147483647;
			files = (
			);
			inputPaths = (
			);
			name = "[CP] Check Pods Manifest.lock";
			outputPaths = (
			);
			runOnlyForDeploymentPostprocessing = 0;
			shellPath = /bin/sh;
			shellScript = "diff \"${PODS_ROOT}/../Podfile.lock\" \"${PODS_ROOT}/Manifest.lock\" > /dev/null\nif [[ $? != 0 ]] ; then\n    cat << EOM\nerror: The sandbox is not in sync with the Podfile.lock. Run 'pod install' or update your CocoaPods installation.\nEOM\n    exit 1\nfi\n";
			showEnvVarsInLog = 0;
		};
/* End PBXShellScriptBuildPhase section */

/* Begin PBXSourcesBuildPhase section */
		CE15BC041D5E835600517135 /* Sources */ = {
			isa = PBXSourcesBuildPhase;
			buildActionMask = 2147483647;
			files = (
				CEA919311DA1AFBC0010DF52 /* CustomCalloutView.swift in Sources */,
				CE26D7731D9771AE00FBBFB8 /* LoggedInViewController.swift in Sources */,
				CE15BC141D5E835600517135 /* Demo1_0.xcdatamodeld in Sources */,
				CE15BC0E1D5E835600517135 /* VenueListViewController.swift in Sources */,
				CEE83C531D79D32900A01D37 /* CustomVenueCell.swift in Sources */,
				CE15BC441D5E8B2300517135 /* AccountViewController.swift in Sources */,
				CEA919361DA1B83C0010DF52 /* AnnotationView.swift in Sources */,
				CEB646971D6C7C7F0024D4A5 /* CustomPointAnnotation.swift in Sources */,
				CE15BC481D5E8F6400517135 /* HelpViewController.swift in Sources */,
				CE15BC461D5E8E0D00517135 /* PurchaseViewController.swift in Sources */,
				CE15BC421D5E87B200517135 /* MapViewController.swift in Sources */,
				CE15BC0C1D5E835600517135 /* AppDelegate.swift in Sources */,
				CE15BC3F1D5E837600517135 /* SWRevealViewController.m in Sources */,
			);
			runOnlyForDeploymentPostprocessing = 0;
		};
		CE15BC1B1D5E835600517135 /* Sources */ = {
			isa = PBXSourcesBuildPhase;
			buildActionMask = 2147483647;
			files = (
				CE15BC241D5E835600517135 /* Demo1_0Tests.swift in Sources */,
			);
			runOnlyForDeploymentPostprocessing = 0;
		};
		CE15BC261D5E835600517135 /* Sources */ = {
			isa = PBXSourcesBuildPhase;
			buildActionMask = 2147483647;
			files = (
				CE15BC2F1D5E835600517135 /* Demo1_0UITests.swift in Sources */,
			);
			runOnlyForDeploymentPostprocessing = 0;
		};
/* End PBXSourcesBuildPhase section */

/* Begin PBXTargetDependency section */
		CE15BC211D5E835600517135 /* PBXTargetDependency */ = {
			isa = PBXTargetDependency;
			target = CE15BC071D5E835600517135 /* Demo1.0 */;
			targetProxy = CE15BC201D5E835600517135 /* PBXContainerItemProxy */;
		};
		CE15BC2C1D5E835600517135 /* PBXTargetDependency */ = {
			isa = PBXTargetDependency;
			target = CE15BC071D5E835600517135 /* Demo1.0 */;
			targetProxy = CE15BC2B1D5E835600517135 /* PBXContainerItemProxy */;
		};
/* End PBXTargetDependency section */

/* Begin PBXVariantGroup section */
		CE15BC0F1D5E835600517135 /* Main.storyboard */ = {
			isa = PBXVariantGroup;
			children = (
				CE15BC101D5E835600517135 /* Base */,
			);
			name = Main.storyboard;
			sourceTree = "<group>";
		};
		CE15BC171D5E835600517135 /* LaunchScreen.storyboard */ = {
			isa = PBXVariantGroup;
			children = (
				CE15BC181D5E835600517135 /* Base */,
			);
			name = LaunchScreen.storyboard;
			sourceTree = "<group>";
		};
/* End PBXVariantGroup section */

/* Begin XCBuildConfiguration section */
		CE15BC311D5E835600517135 /* Debug */ = {
			isa = XCBuildConfiguration;
			buildSettings = {
				ALWAYS_SEARCH_USER_PATHS = NO;
				CLANG_ANALYZER_NONNULL = YES;
				CLANG_CXX_LANGUAGE_STANDARD = "gnu++0x";
				CLANG_CXX_LIBRARY = "libc++";
				CLANG_ENABLE_MODULES = YES;
				CLANG_ENABLE_OBJC_ARC = YES;
				CLANG_WARN_BOOL_CONVERSION = YES;
				CLANG_WARN_CONSTANT_CONVERSION = YES;
				CLANG_WARN_DIRECT_OBJC_ISA_USAGE = YES_ERROR;
				CLANG_WARN_EMPTY_BODY = YES;
				CLANG_WARN_ENUM_CONVERSION = YES;
				CLANG_WARN_INT_CONVERSION = YES;
				CLANG_WARN_OBJC_ROOT_CLASS = YES_ERROR;
				CLANG_WARN_UNREACHABLE_CODE = YES;
				CLANG_WARN__DUPLICATE_METHOD_MATCH = YES;
				"CODE_SIGN_IDENTITY[sdk=iphoneos*]" = "iPhone Developer";
				COPY_PHASE_STRIP = NO;
				DEBUG_INFORMATION_FORMAT = dwarf;
				ENABLE_STRICT_OBJC_MSGSEND = YES;
				ENABLE_TESTABILITY = YES;
				GCC_C_LANGUAGE_STANDARD = gnu99;
				GCC_DYNAMIC_NO_PIC = NO;
				GCC_NO_COMMON_BLOCKS = YES;
				GCC_OPTIMIZATION_LEVEL = 0;
				GCC_PREPROCESSOR_DEFINITIONS = (
					"DEBUG=1",
					"$(inherited)",
				);
				GCC_WARN_64_TO_32_BIT_CONVERSION = YES;
				GCC_WARN_ABOUT_RETURN_TYPE = YES_ERROR;
				GCC_WARN_UNDECLARED_SELECTOR = YES;
				GCC_WARN_UNINITIALIZED_AUTOS = YES_AGGRESSIVE;
				GCC_WARN_UNUSED_FUNCTION = YES;
				GCC_WARN_UNUSED_VARIABLE = YES;
				IPHONEOS_DEPLOYMENT_TARGET = 9.3;
				MTL_ENABLE_DEBUG_INFO = YES;
				ONLY_ACTIVE_ARCH = YES;
				SDKROOT = iphoneos;
				SWIFT_OPTIMIZATION_LEVEL = "-Onone";
				TARGETED_DEVICE_FAMILY = "1,2";
			};
			name = Debug;
		};
		CE15BC321D5E835600517135 /* Release */ = {
			isa = XCBuildConfiguration;
			buildSettings = {
				ALWAYS_SEARCH_USER_PATHS = NO;
				CLANG_ANALYZER_NONNULL = YES;
				CLANG_CXX_LANGUAGE_STANDARD = "gnu++0x";
				CLANG_CXX_LIBRARY = "libc++";
				CLANG_ENABLE_MODULES = YES;
				CLANG_ENABLE_OBJC_ARC = YES;
				CLANG_WARN_BOOL_CONVERSION = YES;
				CLANG_WARN_CONSTANT_CONVERSION = YES;
				CLANG_WARN_DIRECT_OBJC_ISA_USAGE = YES_ERROR;
				CLANG_WARN_EMPTY_BODY = YES;
				CLANG_WARN_ENUM_CONVERSION = YES;
				CLANG_WARN_INT_CONVERSION = YES;
				CLANG_WARN_OBJC_ROOT_CLASS = YES_ERROR;
				CLANG_WARN_UNREACHABLE_CODE = YES;
				CLANG_WARN__DUPLICATE_METHOD_MATCH = YES;
				"CODE_SIGN_IDENTITY[sdk=iphoneos*]" = "iPhone Developer";
				COPY_PHASE_STRIP = NO;
				DEBUG_INFORMATION_FORMAT = "dwarf-with-dsym";
				ENABLE_NS_ASSERTIONS = NO;
				ENABLE_STRICT_OBJC_MSGSEND = YES;
				GCC_C_LANGUAGE_STANDARD = gnu99;
				GCC_NO_COMMON_BLOCKS = YES;
				GCC_WARN_64_TO_32_BIT_CONVERSION = YES;
				GCC_WARN_ABOUT_RETURN_TYPE = YES_ERROR;
				GCC_WARN_UNDECLARED_SELECTOR = YES;
				GCC_WARN_UNINITIALIZED_AUTOS = YES_AGGRESSIVE;
				GCC_WARN_UNUSED_FUNCTION = YES;
				GCC_WARN_UNUSED_VARIABLE = YES;
				IPHONEOS_DEPLOYMENT_TARGET = 9.3;
				MTL_ENABLE_DEBUG_INFO = NO;
				SDKROOT = iphoneos;
				TARGETED_DEVICE_FAMILY = "1,2";
				VALIDATE_PRODUCT = YES;
			};
			name = Release;
		};
		CE15BC341D5E835600517135 /* Debug */ = {
			isa = XCBuildConfiguration;
			baseConfigurationReference = 29EDAB3A74CAFF4C119BB1E6 /* Pods-Demo1.0.debug.xcconfig */;
			buildSettings = {
				ASSETCATALOG_COMPILER_APPICON_NAME = AppIcon;
				CLANG_ENABLE_MODULES = YES;
				CODE_SIGN_ENTITLEMENTS = Demo1.0/Demo1.0.entitlements;
				CODE_SIGN_IDENTITY = "iPhone Developer";
				"CODE_SIGN_IDENTITY[sdk=iphoneos*]" = "iPhone Developer";
				FRAMEWORK_SEARCH_PATHS = (
					"$(inherited)",
					"$(PROJECT_DIR)",
					"/Users/User/Documents/FacebookSDKs-iOS-4",
				);
				INFOPLIST_FILE = Demo1.0/Info.plist;
				LD_RUNPATH_SEARCH_PATHS = "$(inherited) @executable_path/Frameworks";
				PRODUCT_BUNDLE_IDENTIFIER = com.findawharf;
				PRODUCT_NAME = "$(TARGET_NAME)";
				PROVISIONING_PROFILE = "";
				SWIFT_OBJC_BRIDGING_HEADER = "Demo1.0/Demo1.0-Bridging-Header.h";
				SWIFT_OPTIMIZATION_LEVEL = "-Onone";
			};
			name = Debug;
		};
		CE15BC351D5E835600517135 /* Release */ = {
			isa = XCBuildConfiguration;
			baseConfigurationReference = C065AB4F787DB97F553E9C93 /* Pods-Demo1.0.release.xcconfig */;
			buildSettings = {
				ASSETCATALOG_COMPILER_APPICON_NAME = AppIcon;
				CLANG_ENABLE_MODULES = YES;
				CODE_SIGN_ENTITLEMENTS = Demo1.0/Demo1.0.entitlements;
				CODE_SIGN_IDENTITY = "iPhone Developer";
				"CODE_SIGN_IDENTITY[sdk=iphoneos*]" = "iPhone Developer";
				FRAMEWORK_SEARCH_PATHS = (
					"$(inherited)",
					"$(PROJECT_DIR)",
					"/Users/User/Documents/FacebookSDKs-iOS-4",
				);
				INFOPLIST_FILE = Demo1.0/Info.plist;
				LD_RUNPATH_SEARCH_PATHS = "$(inherited) @executable_path/Frameworks";
				PRODUCT_BUNDLE_IDENTIFIER = com.findawharf;
				PRODUCT_NAME = "$(TARGET_NAME)";
				PROVISIONING_PROFILE = "";
				SWIFT_OBJC_BRIDGING_HEADER = "Demo1.0/Demo1.0-Bridging-Header.h";
			};
			name = Release;
		};
		CE15BC371D5E835600517135 /* Debug */ = {
			isa = XCBuildConfiguration;
			buildSettings = {
				BUNDLE_LOADER = "$(TEST_HOST)";
				INFOPLIST_FILE = Demo1.0Tests/Info.plist;
				LD_RUNPATH_SEARCH_PATHS = "$(inherited) @executable_path/Frameworks @loader_path/Frameworks";
				PRODUCT_BUNDLE_IDENTIFIER = "ca.mobilequbes.Demo1-0Tests";
				PRODUCT_NAME = "$(TARGET_NAME)";
				TEST_HOST = "$(BUILT_PRODUCTS_DIR)/Demo1.0.app/Demo1.0";
			};
			name = Debug;
		};
		CE15BC381D5E835600517135 /* Release */ = {
			isa = XCBuildConfiguration;
			buildSettings = {
				BUNDLE_LOADER = "$(TEST_HOST)";
				INFOPLIST_FILE = Demo1.0Tests/Info.plist;
				LD_RUNPATH_SEARCH_PATHS = "$(inherited) @executable_path/Frameworks @loader_path/Frameworks";
				PRODUCT_BUNDLE_IDENTIFIER = "ca.mobilequbes.Demo1-0Tests";
				PRODUCT_NAME = "$(TARGET_NAME)";
				TEST_HOST = "$(BUILT_PRODUCTS_DIR)/Demo1.0.app/Demo1.0";
			};
			name = Release;
		};
		CE15BC3A1D5E835600517135 /* Debug */ = {
			isa = XCBuildConfiguration;
			buildSettings = {
				INFOPLIST_FILE = Demo1.0UITests/Info.plist;
				LD_RUNPATH_SEARCH_PATHS = "$(inherited) @executable_path/Frameworks @loader_path/Frameworks";
				PRODUCT_BUNDLE_IDENTIFIER = "ca.mobilequbes.Demo1-0UITests";
				PRODUCT_NAME = "$(TARGET_NAME)";
				TEST_TARGET_NAME = Demo1.0;
			};
			name = Debug;
		};
		CE15BC3B1D5E835600517135 /* Release */ = {
			isa = XCBuildConfiguration;
			buildSettings = {
				INFOPLIST_FILE = Demo1.0UITests/Info.plist;
				LD_RUNPATH_SEARCH_PATHS = "$(inherited) @executable_path/Frameworks @loader_path/Frameworks";
				PRODUCT_BUNDLE_IDENTIFIER = "ca.mobilequbes.Demo1-0UITests";
				PRODUCT_NAME = "$(TARGET_NAME)";
				TEST_TARGET_NAME = Demo1.0;
			};
			name = Release;
		};
/* End XCBuildConfiguration section */

/* Begin XCConfigurationList section */
		CE15BC031D5E835600517135 /* Build configuration list for PBXProject "Demo1.0" */ = {
			isa = XCConfigurationList;
			buildConfigurations = (
				CE15BC311D5E835600517135 /* Debug */,
				CE15BC321D5E835600517135 /* Release */,
			);
			defaultConfigurationIsVisible = 0;
			defaultConfigurationName = Release;
		};
		CE15BC331D5E835600517135 /* Build configuration list for PBXNativeTarget "Demo1.0" */ = {
			isa = XCConfigurationList;
			buildConfigurations = (
				CE15BC341D5E835600517135 /* Debug */,
				CE15BC351D5E835600517135 /* Release */,
			);
			defaultConfigurationIsVisible = 0;
			defaultConfigurationName = Release;
		};
		CE15BC361D5E835600517135 /* Build configuration list for PBXNativeTarget "Demo1.0Tests" */ = {
			isa = XCConfigurationList;
			buildConfigurations = (
				CE15BC371D5E835600517135 /* Debug */,
				CE15BC381D5E835600517135 /* Release */,
			);
			defaultConfigurationIsVisible = 0;
			defaultConfigurationName = Release;
		};
		CE15BC391D5E835600517135 /* Build configuration list for PBXNativeTarget "Demo1.0UITests" */ = {
			isa = XCConfigurationList;
			buildConfigurations = (
				CE15BC3A1D5E835600517135 /* Debug */,
				CE15BC3B1D5E835600517135 /* Release */,
			);
			defaultConfigurationIsVisible = 0;
			defaultConfigurationName = Release;
		};
/* End XCConfigurationList section */

/* Begin XCVersionGroup section */
		CE15BC121D5E835600517135 /* Demo1_0.xcdatamodeld */ = {
			isa = XCVersionGroup;
			children = (
				CE15BC131D5E835600517135 /* Demo1_0.xcdatamodel */,
			);
			currentVersion = CE15BC131D5E835600517135 /* Demo1_0.xcdatamodel */;
			path = Demo1_0.xcdatamodeld;
			sourceTree = "<group>";
			versionGroupType = wrapper.xcdatamodel;
		};
/* End XCVersionGroup section */
	};
	rootObject = CE15BC001D5E835600517135 /* Project object */;
}
